
Microsoft Visual Studio Solution File, Format Version 12.00
# Visual Studio Version 17
VisualStudioVersion = 17.5.002.0
MinimumVisualStudioVersion = 10.0.40219.1
Project("{9A19103F-16F7-4668-BE54-9A1E7A4F7556}") = "Transposition", "Transposition.csproj", "{BAA14473-E1A4-4A52-84BF-6266CC88505B}"
EndProject
Global
	GlobalSection(SolutionConfigurationPlatforms) = preSolution
		Debug|Any CPU = Debug|Any CPU
		Release|Any CPU = Release|Any CPU
	EndGlobalSection
	GlobalSection(ProjectConfigurationPlatforms) = postSolution
		{BAA14473-E1A4-4A52-84BF-6266CC88505B}.Debug|Any CPU.ActiveCfg = Debug|Any CPU
		{BAA14473-E1A4-4A52-84BF-6266CC88505B}.Debug|Any CPU.Build.0 = Debug|Any CPU
		{BAA14473-E1A4-4A52-84BF-6266CC88505B}.Release|Any CPU.ActiveCfg = Release|Any CPU
		{BAA14473-E1A4-4A52-84BF-6266CC88505B}.Release|Any CPU.Build.0 = Release|Any CPU
	EndGlobalSection
	GlobalSection(SolutionProperties) = preSolution
		HideSolutionNode = FALSE
	EndGlobalSection
	GlobalSection(ExtensibilityGlobals) = postSolution
		SolutionGuid = {F15AA45A-E05C-48CA-B92F-9BD3BEB2C96C}
	EndGlobalSection
EndGlobal
